
Microsoft Visual Studio Solution File, Format Version 12.00
# Visual Studio Version 16
VisualStudioVersion = 16.0.31829.152
MinimumVisualStudioVersion = 10.0.40219.1
Project("{FAE04EC0-301F-11D3-BF4B-00C04F79EFBC}") = "FunPro_CW1_12670", "FunPro_CW1_12670\FunPro_CW1_12670.csproj", "{758FF2F4-56A0-4C11-BBF7-F6025C01D692}"
EndProject
Project("{FAE04EC0-301F-11D3-BF4B-00C04F79EFBC}") = "FunPro_CW1_12670.DAL", "FunPro_CW1_12670.Dal\FunPro_CW1_12670.DAL.csproj", "{38C1F09E-FECB-41C6-A527-B11A32297A5C}"
EndProject
Global
	GlobalSection(SolutionConfigurationPlatforms) = preSolution
		Debug|Any CPU = Debug|Any CPU
		Release|Any CPU = Release|Any CPU
	EndGlobalSection
	GlobalSection(ProjectConfigurationPlatforms) = postSolution
		{758FF2F4-56A0-4C11-BBF7-F6025C01D692}.Debug|Any CPU.ActiveCfg = Debug|Any CPU
		{758FF2F4-56A0-4C11-BBF7-F6025C01D692}.Debug|Any CPU.Build.0 = Debug|Any CPU
		{758FF2F4-56A0-4C11-BBF7-F6025C01D692}.Release|Any CPU.ActiveCfg = Release|Any CPU
		{758FF2F4-56A0-4C11-BBF7-F6025C01D692}.Release|Any CPU.Build.0 = Release|Any CPU
		{38C1F09E-FECB-41C6-A527-B11A32297A5C}.Debug|Any CPU.ActiveCfg = Debug|Any CPU
		{38C1F09E-FECB-41C6-A527-B11A32297A5C}.Debug|Any CPU.Build.0 = Debug|Any CPU
		{38C1F09E-FECB-41C6-A527-B11A32297A5C}.Release|Any CPU.ActiveCfg = Release|Any CPU
		{38C1F09E-FECB-41C6-A527-B11A32297A5C}.Release|Any CPU.Build.0 = Release|Any CPU
	EndGlobalSection
	GlobalSection(SolutionProperties) = preSolution
		HideSolutionNode = FALSE
	EndGlobalSection
	GlobalSection(ExtensibilityGlobals) = postSolution
		SolutionGuid = {55E12DB5-DFC6-46FD-9D34-463FE711F962}
	EndGlobalSection
EndGlobal
